
Microsoft Visual Studio Solution File, Format Version 12.00
# Visual Studio 15
VisualStudioVersion = 15.0.27703.2018
MinimumVisualStudioVersion = 10.0.40219.1
Project("{FAE04EC0-301F-11D3-BF4B-00C04F79EFBC}") = "RenderFarmDemo", "RenderFarmDemo\RenderFarmDemo.csproj", "{7DDD687C-D6FB-4818-BBAB-B83516DDD7FD}"
EndProject
Global
	GlobalSection(SolutionConfigurationPlatforms) = preSolution
		Debug|Any CPU = Debug|Any CPU
		Release|Any CPU = Release|Any CPU
	EndGlobalSection
	GlobalSection(ProjectConfigurationPlatforms) = postSolution
		{7DDD687C-D6FB-4818-BBAB-B83516DDD7FD}.Debug|Any CPU.ActiveCfg = Debug|Any CPU
		{7DDD687C-D6FB-4818-BBAB-B83516DDD7FD}.Debug|Any CPU.Build.0 = Debug|Any CPU
		{7DDD687C-D6FB-4818-BBAB-B83516DDD7FD}.Release|Any CPU.ActiveCfg = Release|Any CPU
		{7DDD687C-D6FB-4818-BBAB-B83516DDD7FD}.Release|Any CPU.Build.0 = Release|Any CPU
	EndGlobalSection
	GlobalSection(SolutionProperties) = preSolution
		HideSolutionNode = FALSE
	EndGlobalSection
	GlobalSection(ExtensibilityGlobals) = postSolution
		SolutionGuid = {0BDEC1D8-6A43-4729-80EC-0AB218CE4A1B}
	EndGlobalSection
EndGlobal
